
Microsoft Visual Studio Solution File, Format Version 12.00
# Visual Studio Version 16
VisualStudioVersion = 16.0.30621.155
MinimumVisualStudioVersion = 10.0.40219.1
Project("{9A19103F-16F7-4668-BE54-9A1E7A4F7556}") = "ManagementSystem.Api", "ManagementSystem.Api\ManagementSystem.Api.csproj", "{29DCF47B-2B4A-4AEB-8416-07C292A543FE}"
EndProject
Project("{9A19103F-16F7-4668-BE54-9A1E7A4F7556}") = "ManagementSystem.Infrastructure", "ManagementSystem.Infrastructure\ManagementSystem.Infrastructure.csproj", "{4E9B2C7C-793E-4527-AECD-03ECAC3C828D}"
EndProject
Project("{9A19103F-16F7-4668-BE54-9A1E7A4F7556}") = "ManagementSystem.ApplicationCore", "ManagementSystem.ApplicationCore\ManagementSystem.ApplicationCore.csproj", "{863CF1E6-8DB9-4489-98F9-1E67EED26D24}"
EndProject
Global
	GlobalSection(SolutionConfigurationPlatforms) = preSolution
		Debug|Any CPU = Debug|Any CPU
		Release|Any CPU = Release|Any CPU
	EndGlobalSection
	GlobalSection(ProjectConfigurationPlatforms) = postSolution
		{29DCF47B-2B4A-4AEB-8416-07C292A543FE}.Debug|Any CPU.ActiveCfg = Debug|Any CPU
		{29DCF47B-2B4A-4AEB-8416-07C292A543FE}.Debug|Any CPU.Build.0 = Debug|Any CPU
		{29DCF47B-2B4A-4AEB-8416-07C292A543FE}.Release|Any CPU.ActiveCfg = Release|Any CPU
		{29DCF47B-2B4A-4AEB-8416-07C292A543FE}.Release|Any CPU.Build.0 = Release|Any CPU
		{4E9B2C7C-793E-4527-AECD-03ECAC3C828D}.Debug|Any CPU.ActiveCfg = Debug|Any CPU
		{4E9B2C7C-793E-4527-AECD-03ECAC3C828D}.Debug|Any CPU.Build.0 = Debug|Any CPU
		{4E9B2C7C-793E-4527-AECD-03ECAC3C828D}.Release|Any CPU.ActiveCfg = Release|Any CPU
		{4E9B2C7C-793E-4527-AECD-03ECAC3C828D}.Release|Any CPU.Build.0 = Release|Any CPU
		{863CF1E6-8DB9-4489-98F9-1E67EED26D24}.Debug|Any CPU.ActiveCfg = Debug|Any CPU
		{863CF1E6-8DB9-4489-98F9-1E67EED26D24}.Debug|Any CPU.Build.0 = Debug|Any CPU
		{863CF1E6-8DB9-4489-98F9-1E67EED26D24}.Release|Any CPU.ActiveCfg = Release|Any CPU
		{863CF1E6-8DB9-4489-98F9-1E67EED26D24}.Release|Any CPU.Build.0 = Release|Any CPU
	EndGlobalSection
	GlobalSection(SolutionProperties) = preSolution
		HideSolutionNode = FALSE
	EndGlobalSection
	GlobalSection(ExtensibilityGlobals) = postSolution
		SolutionGuid = {F1ABC8AA-22F7-419C-AE43-A163747F5BAD}
	EndGlobalSection
EndGlobal
